// !$*UTF8*$!
{
	archiveVersion = 1;
	classes = {
	};
	objectVersion = 56;
	objects = {

/* Begin PBXBuildFile section */
		100D84A729E21AEA0047290D /* LoginView.swift in Sources */ = {isa = PBXBuildFile; fileRef = 100D84A629E21AEA0047290D /* LoginView.swift */; };
		100D84AC29E233910047290D /* GoogleService-Info.plist in Resources */ = {isa = PBXBuildFile; fileRef = 100D84AB29E233910047290D /* GoogleService-Info.plist */; };
		100F876029E234B500212225 /* FirebaseAuth in Frameworks */ = {isa = PBXBuildFile; productRef = 100F875F29E234B500212225 /* FirebaseAuth */; };
		106FA45929E71BD70007903B /* FirebaseFirestore in Frameworks */ = {isa = PBXBuildFile; productRef = 106FA45829E71BD70007903B /* FirebaseFirestore */; };
		106FA45B29E71BDD0007903B /* FirebaseStorage in Frameworks */ = {isa = PBXBuildFile; productRef = 106FA45A29E71BDD0007903B /* FirebaseStorage */; };
		106FA45D29E71BE90007903B /* FirebaseFirestoreSwift in Frameworks */ = {isa = PBXBuildFile; productRef = 106FA45C29E71BE90007903B /* FirebaseFirestoreSwift */; };
		106FA46029E71DE30007903B /* User.swift in Sources */ = {isa = PBXBuildFile; fileRef = 106FA45F29E71DE30007903B /* User.swift */; };
		106FA46229E724DC0007903B /* LoadingView.swift in Sources */ = {isa = PBXBuildFile; fileRef = 106FA46129E724DC0007903B /* LoadingView.swift */; };
		106FA46629E729DB0007903B /* RegisterView.swift in Sources */ = {isa = PBXBuildFile; fileRef = 106FA46529E729DB0007903B /* RegisterView.swift */; };
		106FA46929E72A990007903B /* ViewDesign.swift in Sources */ = {isa = PBXBuildFile; fileRef = 106FA46829E72A990007903B /* ViewDesign.swift */; };
		10899C6929DE1A7D00AC874C /* testeApp.swift in Sources */ = {isa = PBXBuildFile; fileRef = 10899C6829DE1A7D00AC874C /* testeApp.swift */; };
		10899C6B29DE1A7D00AC874C /* ContentView.swift in Sources */ = {isa = PBXBuildFile; fileRef = 10899C6A29DE1A7D00AC874C /* ContentView.swift */; };
		10899C6D29DE1A7E00AC874C /* Assets.xcassets in Resources */ = {isa = PBXBuildFile; fileRef = 10899C6C29DE1A7E00AC874C /* Assets.xcassets */; };
		10899C7129DE1A7E00AC874C /* Preview Assets.xcassets in Resources */ = {isa = PBXBuildFile; fileRef = 10899C7029DE1A7E00AC874C /* Preview Assets.xcassets */; };
		10899C7B29DE1A7E00AC874C /* testeTests.swift in Sources */ = {isa = PBXBuildFile; fileRef = 10899C7A29DE1A7E00AC874C /* testeTests.swift */; };
		10899C8529DE1A7E00AC874C /* testeUITests.swift in Sources */ = {isa = PBXBuildFile; fileRef = 10899C8429DE1A7E00AC874C /* testeUITests.swift */; };
		10899C8729DE1A7E00AC874C /* testeUITestsLaunchTests.swift in Sources */ = {isa = PBXBuildFile; fileRef = 10899C8629DE1A7E00AC874C /* testeUITestsLaunchTests.swift */; };
/* End PBXBuildFile section */

/* Begin PBXContainerItemProxy section */
		10899C7729DE1A7E00AC874C /* PBXContainerItemProxy */ = {
			isa = PBXContainerItemProxy;
			containerPortal = 10899C5D29DE1A7D00AC874C /* Project object */;
			proxyType = 1;
			remoteGlobalIDString = 10899C6429DE1A7D00AC874C;
			remoteInfo = teste;
		};
		10899C8129DE1A7E00AC874C /* PBXContainerItemProxy */ = {
			isa = PBXContainerItemProxy;
			containerPortal = 10899C5D29DE1A7D00AC874C /* Project object */;
			proxyType = 1;
			remoteGlobalIDString = 10899C6429DE1A7D00AC874C;
			remoteInfo = teste;
		};
/* End PBXContainerItemProxy section */

/* Begin PBXFileReference section */
		100D84A629E21AEA0047290D /* LoginView.swift */ = {isa = PBXFileReference; lastKnownFileType = sourcecode.swift; path = LoginView.swift; sourceTree = "<group>"; };
		100D84AB29E233910047290D /* GoogleService-Info.plist */ = {isa = PBXFileReference; fileEncoding = 4; lastKnownFileType = text.plist.xml; path = "GoogleService-Info.plist"; sourceTree = "<group>"; };
		106FA45F29E71DE30007903B /* User.swift */ = {isa = PBXFileReference; lastKnownFileType = sourcecode.swift; path = User.swift; sourceTree = "<group>"; };
		106FA46129E724DC0007903B /* LoadingView.swift */ = {isa = PBXFileReference; lastKnownFileType = sourcecode.swift; path = LoadingView.swift; sourceTree = "<group>"; };
		106FA46529E729DB0007903B /* RegisterView.swift */ = {isa = PBXFileReference; lastKnownFileType = sourcecode.swift; path = RegisterView.swift; sourceTree = "<group>"; };
		106FA46829E72A990007903B /* ViewDesign.swift */ = {isa = PBXFileReference; lastKnownFileType = sourcecode.swift; path = ViewDesign.swift; sourceTree = "<group>"; };
		10899C6529DE1A7D00AC874C /* testeusarise.app */ = {isa = PBXFileReference; explicitFileType = wrapper.application; includeInIndex = 0; path = testeusarise.app; sourceTree = BUILT_PRODUCTS_DIR; };
		10899C6829DE1A7D00AC874C /* testeApp.swift */ = {isa = PBXFileReference; lastKnownFileType = sourcecode.swift; path = testeApp.swift; sourceTree = "<group>"; };
		10899C6A29DE1A7D00AC874C /* ContentView.swift */ = {isa = PBXFileReference; lastKnownFileType = sourcecode.swift; path = ContentView.swift; sourceTree = "<group>"; };
		10899C6C29DE1A7E00AC874C /* Assets.xcassets */ = {isa = PBXFileReference; lastKnownFileType = folder.assetcatalog; path = Assets.xcassets; sourceTree = "<group>"; };
		10899C6E29DE1A7E00AC874C /* teste.entitlements */ = {isa = PBXFileReference; lastKnownFileType = text.plist.entitlements; path = teste.entitlements; sourceTree = "<group>"; };
		10899C7029DE1A7E00AC874C /* Preview Assets.xcassets */ = {isa = PBXFileReference; lastKnownFileType = folder.assetcatalog; path = "Preview Assets.xcassets"; sourceTree = "<group>"; };
		10899C7629DE1A7E00AC874C /* testeusariseTests.xctest */ = {isa = PBXFileReference; explicitFileType = wrapper.cfbundle; includeInIndex = 0; path = testeusariseTests.xctest; sourceTree = BUILT_PRODUCTS_DIR; };
		10899C7A29DE1A7E00AC874C /* testeTests.swift */ = {isa = PBXFileReference; lastKnownFileType = sourcecode.swift; path = testeTests.swift; sourceTree = "<group>"; };
		10899C8029DE1A7E00AC874C /* testeusariseUITests.xctest */ = {isa = PBXFileReference; explicitFileType = wrapper.cfbundle; includeInIndex = 0; path = testeusariseUITests.xctest; sourceTree = BUILT_PRODUCTS_DIR; };
		10899C8429DE1A7E00AC874C /* testeUITests.swift */ = {isa = PBXFileReference; lastKnownFileType = sourcecode.swift; path = testeUITests.swift; sourceTree = "<group>"; };
		10899C8629DE1A7E00AC874C /* testeUITestsLaunchTests.swift */ = {isa = PBXFileReference; lastKnownFileType = sourcecode.swift; path = testeUITestsLaunchTests.swift; sourceTree = "<group>"; };
/* End PBXFileReference section */

/* Begin PBXFrameworksBuildPhase section */
		10899C6229DE1A7D00AC874C /* Frameworks */ = {
			isa = PBXFrameworksBuildPhase;
			buildActionMask = 2147483647;
			files = (
				100F876029E234B500212225 /* FirebaseAuth in Frameworks */,
				106FA45929E71BD70007903B /* FirebaseFirestore in Frameworks */,
				106FA45B29E71BDD0007903B /* FirebaseStorage in Frameworks */,
				106FA45D29E71BE90007903B /* FirebaseFirestoreSwift in Frameworks */,
			);
			runOnlyForDeploymentPostprocessing = 0;
		};
		10899C7329DE1A7E00AC874C /* Frameworks */ = {
			isa = PBXFrameworksBuildPhase;
			buildActionMask = 2147483647;
			files = (
			);
			runOnlyForDeploymentPostprocessing = 0;
		};
		10899C7D29DE1A7E00AC874C /* Frameworks */ = {
			isa = PBXFrameworksBuildPhase;
			buildActionMask = 2147483647;
			files = (
			);
			runOnlyForDeploymentPostprocessing = 0;
		};
/* End PBXFrameworksBuildPhase section */

/* Begin PBXGroup section */
		100D84A529E21AD00047290D /* View */ = {
			isa = PBXGroup;
			children = (
				106FA46729E72A7F0007903B /* Helper */,
				106FA46429E729540007903B /* Login */,
				106FA46329E7294B0007903B /* MainView */,
				106FA46129E724DC0007903B /* LoadingView.swift */,
			);
			path = View;
			sourceTree = "<group>";
		};
		100F875E29E234B500212225 /* Frameworks */ = {
			isa = PBXGroup;
			children = (
			);
			name = Frameworks;
			sourceTree = "<group>";
		};
		106FA45E29E71DC60007903B /* Model */ = {
			isa = PBXGroup;
			children = (
				106FA45F29E71DE30007903B /* User.swift */,
			);
			path = Model;
			sourceTree = "<group>";
		};
		106FA46329E7294B0007903B /* MainView */ = {
			isa = PBXGroup;
			children = (
			);
			path = MainView;
			sourceTree = "<group>";
		};
		106FA46429E729540007903B /* Login */ = {
			isa = PBXGroup;
			children = (
				100D84A629E21AEA0047290D /* LoginView.swift */,
				106FA46529E729DB0007903B /* RegisterView.swift */,
			);
			path = Login;
			sourceTree = "<group>";
		};
		106FA46729E72A7F0007903B /* Helper */ = {
			isa = PBXGroup;
			children = (
				106FA46829E72A990007903B /* ViewDesign.swift */,
			);
			path = Helper;
			sourceTree = "<group>";
		};
		10899C5C29DE1A7D00AC874C = {
			isa = PBXGroup;
			children = (
				10899C6729DE1A7D00AC874C /* teste */,
				10899C7929DE1A7E00AC874C /* testeTests */,
				10899C8329DE1A7E00AC874C /* testeUITests */,
				10899C6629DE1A7D00AC874C /* Products */,
				100F875E29E234B500212225 /* Frameworks */,
			);
			sourceTree = "<group>";
		};
		10899C6629DE1A7D00AC874C /* Products */ = {
			isa = PBXGroup;
			children = (
				10899C6529DE1A7D00AC874C /* testeusarise.app */,
				10899C7629DE1A7E00AC874C /* testeusariseTests.xctest */,
				10899C8029DE1A7E00AC874C /* testeusariseUITests.xctest */,
			);
			name = Products;
			sourceTree = "<group>";
		};
		10899C6729DE1A7D00AC874C /* teste */ = {
			isa = PBXGroup;
			children = (
				106FA45E29E71DC60007903B /* Model */,
				100D84A529E21AD00047290D /* View */,
				10899C6829DE1A7D00AC874C /* testeApp.swift */,
				10899C6A29DE1A7D00AC874C /* ContentView.swift */,
				100D84AB29E233910047290D /* GoogleService-Info.plist */,
				10899C6C29DE1A7E00AC874C /* Assets.xcassets */,
				10899C6E29DE1A7E00AC874C /* teste.entitlements */,
				10899C6F29DE1A7E00AC874C /* Preview Content */,
			);
			path = teste;
			sourceTree = "<group>";
		};
		10899C6F29DE1A7E00AC874C /* Preview Content */ = {
			isa = PBXGroup;
			children = (
				10899C7029DE1A7E00AC874C /* Preview Assets.xcassets */,
			);
			path = "Preview Content";
			sourceTree = "<group>";
		};
		10899C7929DE1A7E00AC874C /* testeTests */ = {
			isa = PBXGroup;
			children = (
				10899C7A29DE1A7E00AC874C /* testeTests.swift */,
			);
			path = testeTests;
			sourceTree = "<group>";
		};
		10899C8329DE1A7E00AC874C /* testeUITests */ = {
			isa = PBXGroup;
			children = (
				10899C8429DE1A7E00AC874C /* testeUITests.swift */,
				10899C8629DE1A7E00AC874C /* testeUITestsLaunchTests.swift */,
			);
			path = testeUITests;
			sourceTree = "<group>";
		};
/* End PBXGroup section */

/* Begin PBXNativeTarget section */
		10899C6429DE1A7D00AC874C /* testeusarise */ = {
			isa = PBXNativeTarget;
			buildConfigurationList = 10899C8A29DE1A7E00AC874C /* Build configuration list for PBXNativeTarget "testeusarise" */;
			buildPhases = (
				10899C6129DE1A7D00AC874C /* Sources */,
				10899C6229DE1A7D00AC874C /* Frameworks */,
				10899C6329DE1A7D00AC874C /* Resources */,
			);
			buildRules = (
			);
			dependencies = (
			);
			name = testeusarise;
			packageProductDependencies = (
				100F875F29E234B500212225 /* FirebaseAuth */,
				106FA45829E71BD70007903B /* FirebaseFirestore */,
				106FA45A29E71BDD0007903B /* FirebaseStorage */,
				106FA45C29E71BE90007903B /* FirebaseFirestoreSwift */,
			);
			productName = teste;
			productReference = 10899C6529DE1A7D00AC874C /* testeusarise.app */;
			productType = "com.apple.product-type.application";
		};
		10899C7529DE1A7E00AC874C /* testeusariseTests */ = {
			isa = PBXNativeTarget;
			buildConfigurationList = 10899C8D29DE1A7E00AC874C /* Build configuration list for PBXNativeTarget "testeusariseTests" */;
			buildPhases = (
				10899C7229DE1A7E00AC874C /* Sources */,
				10899C7329DE1A7E00AC874C /* Frameworks */,
				10899C7429DE1A7E00AC874C /* Resources */,
			);
			buildRules = (
			);
			dependencies = (
				10899C7829DE1A7E00AC874C /* PBXTargetDependency */,
			);
			name = testeusariseTests;
			productName = testeTests;
			productReference = 10899C7629DE1A7E00AC874C /* testeusariseTests.xctest */;
			productType = "com.apple.product-type.bundle.unit-test";
		};
		10899C7F29DE1A7E00AC874C /* testeusariseUITests */ = {
			isa = PBXNativeTarget;
			buildConfigurationList = 10899C9029DE1A7E00AC874C /* Build configuration list for PBXNativeTarget "testeusariseUITests" */;
			buildPhases = (
				10899C7C29DE1A7E00AC874C /* Sources */,
				10899C7D29DE1A7E00AC874C /* Frameworks */,
				10899C7E29DE1A7E00AC874C /* Resources */,
			);
			buildRules = (
			);
			dependencies = (
				10899C8229DE1A7E00AC874C /* PBXTargetDependency */,
			);
			name = testeusariseUITests;
			productName = testeUITests;
			productReference = 10899C8029DE1A7E00AC874C /* testeusariseUITests.xctest */;
			productType = "com.apple.product-type.bundle.ui-testing";
		};
/* End PBXNativeTarget section */

/* Begin PBXProject section */
		10899C5D29DE1A7D00AC874C /* Project object */ = {
			isa = PBXProject;
			attributes = {
				BuildIndependentTargetsInParallel = 1;
				LastSwiftUpdateCheck = 1420;
				LastUpgradeCheck = 1420;
				TargetAttributes = {
					10899C6429DE1A7D00AC874C = {
						CreatedOnToolsVersion = 14.2;
					};
					10899C7529DE1A7E00AC874C = {
						CreatedOnToolsVersion = 14.2;
						TestTargetID = 10899C6429DE1A7D00AC874C;
					};
					10899C7F29DE1A7E00AC874C = {
						CreatedOnToolsVersion = 14.2;
						TestTargetID = 10899C6429DE1A7D00AC874C;
					};
				};
			};
			buildConfigurationList = 10899C6029DE1A7D00AC874C /* Build configuration list for PBXProject "Musarise" */;
			compatibilityVersion = "Xcode 14.0";
			developmentRegion = en;
			hasScannedForEncodings = 0;
			knownRegions = (
				en,
				Base,
			);
			mainGroup = 10899C5C29DE1A7D00AC874C;
			packageReferences = (
				100D84AA29E2312C0047290D /* XCRemoteSwiftPackageReference "firebase-ios-sdk" */,
			);
			productRefGroup = 10899C6629DE1A7D00AC874C /* Products */;
			projectDirPath = "";
			projectRoot = "";
			targets = (
				10899C6429DE1A7D00AC874C /* testeusarise */,
				10899C7529DE1A7E00AC874C /* testeusariseTests */,
				10899C7F29DE1A7E00AC874C /* testeusariseUITests */,
			);
		};
/* End PBXProject section */

/* Begin PBXResourcesBuildPhase section */
		10899C6329DE1A7D00AC874C /* Resources */ = {
			isa = PBXResourcesBuildPhase;
			buildActionMask = 2147483647;
			files = (
				10899C7129DE1A7E00AC874C /* Preview Assets.xcassets in Resources */,
				10899C6D29DE1A7E00AC874C /* Assets.xcassets in Resources */,
				100D84AC29E233910047290D /* GoogleService-Info.plist in Resources */,
			);
			runOnlyForDeploymentPostprocessing = 0;
		};
		10899C7429DE1A7E00AC874C /* Resources */ = {
			isa = PBXResourcesBuildPhase;
			buildActionMask = 2147483647;
			files = (
			);
			runOnlyForDeploymentPostprocessing = 0;
		};
		10899C7E29DE1A7E00AC874C /* Resources */ = {
			isa = PBXResourcesBuildPhase;
			buildActionMask = 2147483647;
			files = (
			);
			runOnlyForDeploymentPostprocessing = 0;
		};
/* End PBXResourcesBuildPhase section */

/* Begin PBXSourcesBuildPhase section */
		10899C6129DE1A7D00AC874C /* Sources */ = {
			isa = PBXSourcesBuildPhase;
			buildActionMask = 2147483647;
			files = (
				106FA46029E71DE30007903B /* User.swift in Sources */,
				100D84A729E21AEA0047290D /* LoginView.swift in Sources */,
				10899C6B29DE1A7D00AC874C /* ContentView.swift in Sources */,
				106FA46629E729DB0007903B /* RegisterView.swift in Sources */,
				106FA46929E72A990007903B /* ViewDesign.swift in Sources */,
				106FA46229E724DC0007903B /* LoadingView.swift in Sources */,
				10899C6929DE1A7D00AC874C /* testeApp.swift in Sources */,
			);
			runOnlyForDeploymentPostprocessing = 0;
		};
		10899C7229DE1A7E00AC874C /* Sources */ = {
			isa = PBXSourcesBuildPhase;
			buildActionMask = 2147483647;
			files = (
				10899C7B29DE1A7E00AC874C /* testeTests.swift in Sources */,
			);
			runOnlyForDeploymentPostprocessing = 0;
		};
		10899C7C29DE1A7E00AC874C /* Sources */ = {
			isa = PBXSourcesBuildPhase;
			buildActionMask = 2147483647;
			files = (
				10899C8729DE1A7E00AC874C /* testeUITestsLaunchTests.swift in Sources */,
				10899C8529DE1A7E00AC874C /* testeUITests.swift in Sources */,
			);
			runOnlyForDeploymentPostprocessing = 0;
		};
/* End PBXSourcesBuildPhase section */

/* Begin PBXTargetDependency section */
		10899C7829DE1A7E00AC874C /* PBXTargetDependency */ = {
			isa = PBXTargetDependency;
			target = 10899C6429DE1A7D00AC874C /* testeusarise */;
			targetProxy = 10899C7729DE1A7E00AC874C /* PBXContainerItemProxy */;
		};
		10899C8229DE1A7E00AC874C /* PBXTargetDependency */ = {
			isa = PBXTargetDependency;
			target = 10899C6429DE1A7D00AC874C /* testeusarise */;
			targetProxy = 10899C8129DE1A7E00AC874C /* PBXContainerItemProxy */;
		};
/* End PBXTargetDependency section */

/* Begin XCBuildConfiguration section */
		10899C8829DE1A7E00AC874C /* Debug */ = {
			isa = XCBuildConfiguration;
			buildSettings = {
				ALWAYS_SEARCH_USER_PATHS = NO;
				CLANG_ANALYZER_NONNULL = YES;
				CLANG_ANALYZER_NUMBER_OBJECT_CONVERSION = YES_AGGRESSIVE;
				CLANG_CXX_LANGUAGE_STANDARD = "gnu++20";
				CLANG_ENABLE_MODULES = YES;
				CLANG_ENABLE_OBJC_ARC = YES;
				CLANG_ENABLE_OBJC_WEAK = YES;
				CLANG_WARN_BLOCK_CAPTURE_AUTORELEASING = YES;
				CLANG_WARN_BOOL_CONVERSION = YES;
				CLANG_WARN_COMMA = YES;
				CLANG_WARN_CONSTANT_CONVERSION = YES;
				CLANG_WARN_DEPRECATED_OBJC_IMPLEMENTATIONS = YES;
				CLANG_WARN_DIRECT_OBJC_ISA_USAGE = YES_ERROR;
				CLANG_WARN_DOCUMENTATION_COMMENTS = YES;
				CLANG_WARN_EMPTY_BODY = YES;
				CLANG_WARN_ENUM_CONVERSION = YES;
				CLANG_WARN_INFINITE_RECURSION = YES;
				CLANG_WARN_INT_CONVERSION = YES;
				CLANG_WARN_NON_LITERAL_NULL_CONVERSION = YES;
				CLANG_WARN_OBJC_IMPLICIT_RETAIN_SELF = YES;
				CLANG_WARN_OBJC_LITERAL_CONVERSION = YES;
				CLANG_WARN_OBJC_ROOT_CLASS = YES_ERROR;
				CLANG_WARN_QUOTED_INCLUDE_IN_FRAMEWORK_HEADER = YES;
				CLANG_WARN_RANGE_LOOP_ANALYSIS = YES;
				CLANG_WARN_STRICT_PROTOTYPES = YES;
				CLANG_WARN_SUSPICIOUS_MOVE = YES;
				CLANG_WARN_UNGUARDED_AVAILABILITY = YES_AGGRESSIVE;
				CLANG_WARN_UNREACHABLE_CODE = YES;
				CLANG_WARN__DUPLICATE_METHOD_MATCH = YES;
				COPY_PHASE_STRIP = NO;
				DEBUG_INFORMATION_FORMAT = dwarf;
				ENABLE_STRICT_OBJC_MSGSEND = YES;
				ENABLE_TESTABILITY = YES;
				GCC_C_LANGUAGE_STANDARD = gnu11;
				GCC_DYNAMIC_NO_PIC = NO;
				GCC_NO_COMMON_BLOCKS = YES;
				GCC_OPTIMIZATION_LEVEL = 0;
				GCC_PREPROCESSOR_DEFINITIONS = (
					"DEBUG=1",
					"$(inherited)",
				);
				GCC_WARN_64_TO_32_BIT_CONVERSION = YES;
				GCC_WARN_ABOUT_RETURN_TYPE = YES_ERROR;
				GCC_WARN_UNDECLARED_SELECTOR = YES;
				GCC_WARN_UNINITIALIZED_AUTOS = YES_AGGRESSIVE;
				GCC_WARN_UNUSED_FUNCTION = YES;
				GCC_WARN_UNUSED_VARIABLE = YES;
				MTL_ENABLE_DEBUG_INFO = INCLUDE_SOURCE;
				MTL_FAST_MATH = YES;
				ONLY_ACTIVE_ARCH = YES;
				SWIFT_ACTIVE_COMPILATION_CONDITIONS = DEBUG;
				SWIFT_OPTIMIZATION_LEVEL = "-Onone";
			};
			name = Debug;
		};
		10899C8929DE1A7E00AC874C /* Release */ = {
			isa = XCBuildConfiguration;
			buildSettings = {
				ALWAYS_SEARCH_USER_PATHS = NO;
				CLANG_ANALYZER_NONNULL = YES;
				CLANG_ANALYZER_NUMBER_OBJECT_CONVERSION = YES_AGGRESSIVE;
				CLANG_CXX_LANGUAGE_STANDARD = "gnu++20";
				CLANG_ENABLE_MODULES = YES;
				CLANG_ENABLE_OBJC_ARC = YES;
				CLANG_ENABLE_OBJC_WEAK = YES;
				CLANG_WARN_BLOCK_CAPTURE_AUTORELEASING = YES;
				CLANG_WARN_BOOL_CONVERSION = YES;
				CLANG_WARN_COMMA = YES;
				CLANG_WARN_CONSTANT_CONVERSION = YES;
				CLANG_WARN_DEPRECATED_OBJC_IMPLEMENTATIONS = YES;
				CLANG_WARN_DIRECT_OBJC_ISA_USAGE = YES_ERROR;
				CLANG_WARN_DOCUMENTATION_COMMENTS = YES;
				CLANG_WARN_EMPTY_BODY = YES;
				CLANG_WARN_ENUM_CONVERSION = YES;
				CLANG_WARN_INFINITE_RECURSION = YES;
				CLANG_WARN_INT_CONVERSION = YES;
				CLANG_WARN_NON_LITERAL_NULL_CONVERSION = YES;
				CLANG_WARN_OBJC_IMPLICIT_RETAIN_SELF = YES;
				CLANG_WARN_OBJC_LITERAL_CONVERSION = YES;
				CLANG_WARN_OBJC_ROOT_CLASS = YES_ERROR;
				CLANG_WARN_QUOTED_INCLUDE_IN_FRAMEWORK_HEADER = YES;
				CLANG_WARN_RANGE_LOOP_ANALYSIS = YES;
				CLANG_WARN_STRICT_PROTOTYPES = YES;
				CLANG_WARN_SUSPICIOUS_MOVE = YES;
				CLANG_WARN_UNGUARDED_AVAILABILITY = YES_AGGRESSIVE;
				CLANG_WARN_UNREACHABLE_CODE = YES;
				CLANG_WARN__DUPLICATE_METHOD_MATCH = YES;
				COPY_PHASE_STRIP = NO;
				DEBUG_INFORMATION_FORMAT = "dwarf-with-dsym";
				ENABLE_NS_ASSERTIONS = NO;
				ENABLE_STRICT_OBJC_MSGSEND = YES;
				GCC_C_LANGUAGE_STANDARD = gnu11;
				GCC_NO_COMMON_BLOCKS = YES;
				GCC_WARN_64_TO_32_BIT_CONVERSION = YES;
				GCC_WARN_ABOUT_RETURN_TYPE = YES_ERROR;
				GCC_WARN_UNDECLARED_SELECTOR = YES;
				GCC_WARN_UNINITIALIZED_AUTOS = YES_AGGRESSIVE;
				GCC_WARN_UNUSED_FUNCTION = YES;
				GCC_WARN_UNUSED_VARIABLE = YES;
				MTL_ENABLE_DEBUG_INFO = NO;
				MTL_FAST_MATH = YES;
				SWIFT_COMPILATION_MODE = wholemodule;
				SWIFT_OPTIMIZATION_LEVEL = "-O";
			};
			name = Release;
		};
		10899C8B29DE1A7E00AC874C /* Debug */ = {
			isa = XCBuildConfiguration;
			buildSettings = {
				ASSETCATALOG_COMPILER_APPICON_NAME = AppIcon;
				ASSETCATALOG_COMPILER_GLOBAL_ACCENT_COLOR_NAME = AccentColor;
				CODE_SIGN_ENTITLEMENTS = teste/teste.entitlements;
				"CODE_SIGN_IDENTITY[sdk=macosx*]" = "Apple Development";
				CODE_SIGN_STYLE = Automatic;
				CURRENT_PROJECT_VERSION = 1;
				DEVELOPMENT_ASSET_PATHS = "\"teste/Preview Content\"";
				DEVELOPMENT_TEAM = 25U8MLD355;
				ENABLE_HARDENED_RUNTIME = YES;
				ENABLE_PREVIEWS = YES;
				GENERATE_INFOPLIST_FILE = YES;
				"INFOPLIST_KEY_UIApplicationSceneManifest_Generation[sdk=iphoneos*]" = YES;
				"INFOPLIST_KEY_UIApplicationSceneManifest_Generation[sdk=iphonesimulator*]" = YES;
				"INFOPLIST_KEY_UIApplicationSupportsIndirectInputEvents[sdk=iphoneos*]" = YES;
				"INFOPLIST_KEY_UIApplicationSupportsIndirectInputEvents[sdk=iphonesimulator*]" = YES;
				"INFOPLIST_KEY_UILaunchScreen_Generation[sdk=iphoneos*]" = YES;
				"INFOPLIST_KEY_UILaunchScreen_Generation[sdk=iphonesimulator*]" = YES;
				"INFOPLIST_KEY_UIStatusBarStyle[sdk=iphoneos*]" = UIStatusBarStyleDefault;
				"INFOPLIST_KEY_UIStatusBarStyle[sdk=iphonesimulator*]" = UIStatusBarStyleDefault;
				INFOPLIST_KEY_UISupportedInterfaceOrientations_iPad = "UIInterfaceOrientationPortrait UIInterfaceOrientationPortraitUpsideDown UIInterfaceOrientationLandscapeLeft UIInterfaceOrientationLandscapeRight";
				INFOPLIST_KEY_UISupportedInterfaceOrientations_iPhone = "UIInterfaceOrientationPortrait UIInterfaceOrientationLandscapeLeft UIInterfaceOrientationLandscapeRight";
				IPHONEOS_DEPLOYMENT_TARGET = 16.2;
				LD_RUNPATH_SEARCH_PATHS = "@executable_path/Frameworks";
				"LD_RUNPATH_SEARCH_PATHS[sdk=macosx*]" = "@executable_path/../Frameworks";
				MACOSX_DEPLOYMENT_TARGET = 13.1;
				MARKETING_VERSION = 1.0;
				PRODUCT_BUNDLE_IDENTIFIER = "app-da-paulinha";
				PRODUCT_NAME = "$(TARGET_NAME)";
				SDKROOT = auto;
				SUPPORTED_PLATFORMS = "iphoneos iphonesimulator macosx";
				SWIFT_EMIT_LOC_STRINGS = YES;
				SWIFT_VERSION = 5.0;
				TARGETED_DEVICE_FAMILY = "1,2";
			};
			name = Debug;
		};
		10899C8C29DE1A7E00AC874C /* Release */ = {
			isa = XCBuildConfiguration;
			buildSettings = {
				ASSETCATALOG_COMPILER_APPICON_NAME = AppIcon;
				ASSETCATALOG_COMPILER_GLOBAL_ACCENT_COLOR_NAME = AccentColor;
				CODE_SIGN_ENTITLEMENTS = teste/teste.entitlements;
				"CODE_SIGN_IDENTITY[sdk=macosx*]" = "Apple Development";
				CODE_SIGN_STYLE = Automatic;
				CURRENT_PROJECT_VERSION = 1;
				DEVELOPMENT_ASSET_PATHS = "\"teste/Preview Content\"";
				DEVELOPMENT_TEAM = 25U8MLD355;
				ENABLE_HARDENED_RUNTIME = YES;
				ENABLE_PREVIEWS = YES;
				GENERATE_INFOPLIST_FILE = YES;
				"INFOPLIST_KEY_UIApplicationSceneManifest_Generation[sdk=iphoneos*]" = YES;
				"INFOPLIST_KEY_UIApplicationSceneManifest_Generation[sdk=iphonesimulator*]" = YES;
				"INFOPLIST_KEY_UIApplicationSupportsIndirectInputEvents[sdk=iphoneos*]" = YES;
				"INFOPLIST_KEY_UIApplicationSupportsIndirectInputEvents[sdk=iphonesimulator*]" = YES;
				"INFOPLIST_KEY_UILaunchScreen_Generation[sdk=iphoneos*]" = YES;
				"INFOPLIST_KEY_UILaunchScreen_Generation[sdk=iphonesimulator*]" = YES;
				"INFOPLIST_KEY_UIStatusBarStyle[sdk=iphoneos*]" = UIStatusBarStyleDefault;
				"INFOPLIST_KEY_UIStatusBarStyle[sdk=iphonesimulator*]" = UIStatusBarStyleDefault;
				INFOPLIST_KEY_UISupportedInterfaceOrientations_iPad = "UIInterfaceOrientationPortrait UIInterfaceOrientationPortraitUpsideDown UIInterfaceOrientationLandscapeLeft UIInterfaceOrientationLandscapeRight";
				INFOPLIST_KEY_UISupportedInterfaceOrientations_iPhone = "UIInterfaceOrientationPortrait UIInterfaceOrientationLandscapeLeft UIInterfaceOrientationLandscapeRight";
				IPHONEOS_DEPLOYMENT_TARGET = 16.2;
				LD_RUNPATH_SEARCH_PATHS = "@executable_path/Frameworks";
				"LD_RUNPATH_SEARCH_PATHS[sdk=macosx*]" = "@executable_path/../Frameworks";
				MACOSX_DEPLOYMENT_TARGET = 13.1;
				MARKETING_VERSION = 1.0;
				PRODUCT_BUNDLE_IDENTIFIER = "app-da-paulinha";
				PRODUCT_NAME = "$(TARGET_NAME)";
				SDKROOT = auto;
				SUPPORTED_PLATFORMS = "iphoneos iphonesimulator macosx";
				SWIFT_EMIT_LOC_STRINGS = YES;
				SWIFT_VERSION = 5.0;
				TARGETED_DEVICE_FAMILY = "1,2";
			};
			name = Release;
		};
		10899C8E29DE1A7E00AC874C /* Debug */ = {
			isa = XCBuildConfiguration;
			buildSettings = {
				ALWAYS_EMBED_SWIFT_STANDARD_LIBRARIES = YES;
				BUNDLE_LOADER = "$(TEST_HOST)";
				CODE_SIGN_STYLE = Automatic;
				CURRENT_PROJECT_VERSION = 1;
				DEVELOPMENT_TEAM = 25U8MLD355;
				GENERATE_INFOPLIST_FILE = YES;
				IPHONEOS_DEPLOYMENT_TARGET = 16.2;
				MACOSX_DEPLOYMENT_TARGET = 13.1;
				MARKETING_VERSION = 1.0;
				PRODUCT_BUNDLE_IDENTIFIER = as.testeTests;
				PRODUCT_NAME = "$(TARGET_NAME)";
				SDKROOT = auto;
				SUPPORTED_PLATFORMS = "iphoneos iphonesimulator macosx";
				SWIFT_EMIT_LOC_STRINGS = NO;
				SWIFT_VERSION = 5.0;
				TARGETED_DEVICE_FAMILY = "1,2";
				TEST_HOST = "$(BUILT_PRODUCTS_DIR)/testeusarise.app/$(BUNDLE_EXECUTABLE_FOLDER_PATH)/testeusarise";
			};
			name = Debug;
		};
		10899C8F29DE1A7E00AC874C /* Release */ = {
			isa = XCBuildConfiguration;
			buildSettings = {
				ALWAYS_EMBED_SWIFT_STANDARD_LIBRARIES = YES;
				BUNDLE_LOADER = "$(TEST_HOST)";
				CODE_SIGN_STYLE = Automatic;
				CURRENT_PROJECT_VERSION = 1;
				DEVELOPMENT_TEAM = 25U8MLD355;
				GENERATE_INFOPLIST_FILE = YES;
				IPHONEOS_DEPLOYMENT_TARGET = 16.2;
				MACOSX_DEPLOYMENT_TARGET = 13.1;
				MARKETING_VERSION = 1.0;
				PRODUCT_BUNDLE_IDENTIFIER = as.testeTests;
				PRODUCT_NAME = "$(TARGET_NAME)";
				SDKROOT = auto;
				SUPPORTED_PLATFORMS = "iphoneos iphonesimulator macosx";
				SWIFT_EMIT_LOC_STRINGS = NO;
				SWIFT_VERSION = 5.0;
				TARGETED_DEVICE_FAMILY = "1,2";
				TEST_HOST = "$(BUILT_PRODUCTS_DIR)/testeusarise.app/$(BUNDLE_EXECUTABLE_FOLDER_PATH)/testeusarise";
			};
			name = Release;
		};
		10899C9129DE1A7E00AC874C /* Debug */ = {
			isa = XCBuildConfiguration;
			buildSettings = {
				ALWAYS_EMBED_SWIFT_STANDARD_LIBRARIES = YES;
				CODE_SIGN_STYLE = Automatic;
				CURRENT_PROJECT_VERSION = 1;
				DEVELOPMENT_TEAM = 25U8MLD355;
				GENERATE_INFOPLIST_FILE = YES;
				IPHONEOS_DEPLOYMENT_TARGET = 16.2;
				MACOSX_DEPLOYMENT_TARGET = 13.1;
				MARKETING_VERSION = 1.0;
				PRODUCT_BUNDLE_IDENTIFIER = as.testeUITests;
				PRODUCT_NAME = "$(TARGET_NAME)";
				SDKROOT = auto;
				SUPPORTED_PLATFORMS = "iphoneos iphonesimulator macosx";
				SWIFT_EMIT_LOC_STRINGS = NO;
				SWIFT_VERSION = 5.0;
				TARGETED_DEVICE_FAMILY = "1,2";
				TEST_TARGET_NAME = teste;
			};
			name = Debug;
		};
		10899C9229DE1A7E00AC874C /* Release */ = {
			isa = XCBuildConfiguration;
			buildSettings = {
				ALWAYS_EMBED_SWIFT_STANDARD_LIBRARIES = YES;
				CODE_SIGN_STYLE = Automatic;
				CURRENT_PROJECT_VERSION = 1;
				DEVELOPMENT_TEAM = 25U8MLD355;
				GENERATE_INFOPLIST_FILE = YES;
				IPHONEOS_DEPLOYMENT_TARGET = 16.2;
				MACOSX_DEPLOYMENT_TARGET = 13.1;
				MARKETING_VERSION = 1.0;
				PRODUCT_BUNDLE_IDENTIFIER = as.testeUITests;
				PRODUCT_NAME = "$(TARGET_NAME)";
				SDKROOT = auto;
				SUPPORTED_PLATFORMS = "iphoneos iphonesimulator macosx";
				SWIFT_EMIT_LOC_STRINGS = NO;
				SWIFT_VERSION = 5.0;
				TARGETED_DEVICE_FAMILY = "1,2";
				TEST_TARGET_NAME = teste;
			};
			name = Release;
		};
/* End XCBuildConfiguration section */

/* Begin XCConfigurationList section */
		10899C6029DE1A7D00AC874C /* Build configuration list for PBXProject "Musarise" */ = {
			isa = XCConfigurationList;
			buildConfigurations = (
				10899C8829DE1A7E00AC874C /* Debug */,
				10899C8929DE1A7E00AC874C /* Release */,
			);
			defaultConfigurationIsVisible = 0;
			defaultConfigurationName = Release;
		};
		10899C8A29DE1A7E00AC874C /* Build configuration list for PBXNativeTarget "testeusarise" */ = {
			isa = XCConfigurationList;
			buildConfigurations = (
				10899C8B29DE1A7E00AC874C /* Debug */,
				10899C8C29DE1A7E00AC874C /* Release */,
			);
			defaultConfigurationIsVisible = 0;
			defaultConfigurationName = Release;
		};
		10899C8D29DE1A7E00AC874C /* Build configuration list for PBXNativeTarget "testeusariseTests" */ = {
			isa = XCConfigurationList;
			buildConfigurations = (
				10899C8E29DE1A7E00AC874C /* Debug */,
				10899C8F29DE1A7E00AC874C /* Release */,
			);
			defaultConfigurationIsVisible = 0;
			defaultConfigurationName = Release;
		};
		10899C9029DE1A7E00AC874C /* Build configuration list for PBXNativeTarget "testeusariseUITests" */ = {
			isa = XCConfigurationList;
			buildConfigurations = (
				10899C9129DE1A7E00AC874C /* Debug */,
				10899C9229DE1A7E00AC874C /* Release */,
			);
			defaultConfigurationIsVisible = 0;
			defaultConfigurationName = Release;
		};
/* End XCConfigurationList section */

/* Begin XCRemoteSwiftPackageReference section */
		100D84AA29E2312C0047290D /* XCRemoteSwiftPackageReference "firebase-ios-sdk" */ = {
			isa = XCRemoteSwiftPackageReference;
			repositoryURL = "https://github.com/firebase/firebase-ios-sdk";
			requirement = {
				kind = upToNextMajorVersion;
				minimumVersion = 9.0.0;
			};
		};
/* End XCRemoteSwiftPackageReference section */

/* Begin XCSwiftPackageProductDependency section */
		100F875F29E234B500212225 /* FirebaseAuth */ = {
			isa = XCSwiftPackageProductDependency;
			package = 100D84AA29E2312C0047290D /* XCRemoteSwiftPackageReference "firebase-ios-sdk" */;
			productName = FirebaseAuth;
		};
		106FA45829E71BD70007903B /* FirebaseFirestore */ = {
			isa = XCSwiftPackageProductDependency;
			package = 100D84AA29E2312C0047290D /* XCRemoteSwiftPackageReference "firebase-ios-sdk" */;
			productName = FirebaseFirestore;
		};
		106FA45A29E71BDD0007903B /* FirebaseStorage */ = {
			isa = XCSwiftPackageProductDependency;
			package = 100D84AA29E2312C0047290D /* XCRemoteSwiftPackageReference "firebase-ios-sdk" */;
			productName = FirebaseStorage;
		};
		106FA45C29E71BE90007903B /* FirebaseFirestoreSwift */ = {
			isa = XCSwiftPackageProductDependency;
			package = 100D84AA29E2312C0047290D /* XCRemoteSwiftPackageReference "firebase-ios-sdk" */;
			productName = FirebaseFirestoreSwift;
		};
/* End XCSwiftPackageProductDependency section */
	};
	rootObject = 10899C5D29DE1A7D00AC874C /* Project object */;
}
